
Microsoft Visual Studio Solution File, Format Version 12.00
# Visual Studio Version 17
VisualStudioVersion = 17.3.32819.101
MinimumVisualStudioVersion = 10.0.40219.1
Project("{FAE04EC0-301F-11D3-BF4B-00C04F79EFBC}") = "100CodingProblem", "100CodingProblem\100CodingProblem.csproj", "{BFED4057-D798-4A7D-BDFB-FCCFD3C27C3C}"
EndProject
Global
	GlobalSection(SolutionConfigurationPlatforms) = preSolution
		Debug|Any CPU = Debug|Any CPU
		Release|Any CPU = Release|Any CPU
	EndGlobalSection
	GlobalSection(ProjectConfigurationPlatforms) = postSolution
		{BFED4057-D798-4A7D-BDFB-FCCFD3C27C3C}.Debug|Any CPU.ActiveCfg = Debug|Any CPU
		{BFED4057-D798-4A7D-BDFB-FCCFD3C27C3C}.Debug|Any CPU.Build.0 = Debug|Any CPU
		{BFED4057-D798-4A7D-BDFB-FCCFD3C27C3C}.Release|Any CPU.ActiveCfg = Release|Any CPU
		{BFED4057-D798-4A7D-BDFB-FCCFD3C27C3C}.Release|Any CPU.Build.0 = Release|Any CPU
	EndGlobalSection
	GlobalSection(SolutionProperties) = preSolution
		HideSolutionNode = FALSE
	EndGlobalSection
	GlobalSection(ExtensibilityGlobals) = postSolution
		SolutionGuid = {D6A02FC2-60BB-4084-915F-61C5F19746BF}
	EndGlobalSection
EndGlobal
